{
  "name": "mockup-gallery",
  "version": "0.5.2",
  "lockfileVersion": 3,
  "requires": true,
  "packages": {
    "": {
      "name": "mockup-gallery",
      "version": "0.5.2",
      "license": "Apache-2.0",
      "bin": {
        "mockup-gallery": "server/gallery-server.mjs"
      },
      "engines": {
        "node": ">=18"
      }
    }
  }
}
